// !$*UTF8*$!
{
	archiveVersion = 1;
	classes = {
	};
	objectVersion = 52;
	objects = {

/* Begin PBXBuildFile section */
		001D885525D6ADC500A8C8C8 /* FeedLoader.swift in Sources */ = {isa = PBXBuildFile; fileRef = 001D885425D6ADC500A8C8C8 /* FeedLoader.swift */; };
		001D885C25D6B08100A8C8C8 /* LoadFeedFromRemoteUseCaseTests.swift in Sources */ = {isa = PBXBuildFile; fileRef = 001D885B25D6B08100A8C8C8 /* LoadFeedFromRemoteUseCaseTests.swift */; };
		002716E125F7E4B000E303F2 /* CoreDataFeedStoreTests.swift in Sources */ = {isa = PBXBuildFile; fileRef = 002716E025F7E4B000E303F2 /* CoreDataFeedStoreTests.swift */; };
		002716E625F7E53600E303F2 /* CoreDataFeedStore.swift in Sources */ = {isa = PBXBuildFile; fileRef = 002716E525F7E53600E303F2 /* CoreDataFeedStore.swift */; };
		002716EC25F7E62D00E303F2 /* FeedStore.xcdatamodeld in Sources */ = {isa = PBXBuildFile; fileRef = 002716EA25F7E62D00E303F2 /* FeedStore.xcdatamodeld */; };
		00500E8C25F8E79C0037C090 /* CoreDataHelpers.swift in Sources */ = {isa = PBXBuildFile; fileRef = 00500E8B25F8E79C0037C090 /* CoreDataHelpers.swift */; };
		00500E9725F8E8390037C090 /* ManagedCache.swift in Sources */ = {isa = PBXBuildFile; fileRef = 00500E9625F8E8390037C090 /* ManagedCache.swift */; };
		00500E9C25F8E87C0037C090 /* ManagedFeedImage.swift in Sources */ = {isa = PBXBuildFile; fileRef = 00500E9B25F8E87C0037C090 /* ManagedFeedImage.swift */; };
		00500EB025F8EFAF0037C090 /* EssentialFeedCacheIntegrationTests.swift in Sources */ = {isa = PBXBuildFile; fileRef = 00500EAF25F8EFAF0037C090 /* EssentialFeedCacheIntegrationTests.swift */; };
		00500EB225F8EFAF0037C090 /* EssentialFeed.framework in Frameworks */ = {isa = PBXBuildFile; fileRef = 00A2B48D25D6ABB8008C5D53 /* EssentialFeed.framework */; };
		00500EBC25F8F1190037C090 /* XCTestCase+MemoryLeakTracking.swift in Sources */ = {isa = PBXBuildFile; fileRef = 00AD091925DE988300A47B12 /* XCTestCase+MemoryLeakTracking.swift */; };
		00500EC125F8F2000037C090 /* FeedCacheTestHelpers.swift in Sources */ = {isa = PBXBuildFile; fileRef = 0092AE7125EE6B78007E87D5 /* FeedCacheTestHelpers.swift */; };
		00500EC625F8F2070037C090 /* SharedTestHelpers.swift in Sources */ = {isa = PBXBuildFile; fileRef = 0092AE7625EE6BAC007E87D5 /* SharedTestHelpers.swift */; };
		005F34542601487500AE5F40 /* FeedViewControllerTests.swift in Sources */ = {isa = PBXBuildFile; fileRef = 005F34532601487500AE5F40 /* FeedViewControllerTests.swift */; };
		005F345C260149A200AE5F40 /* EssentialFeed.framework in Frameworks */ = {isa = PBXBuildFile; fileRef = 00A2B48D25D6ABB8008C5D53 /* EssentialFeed.framework */; platformFilter = ios; };
		005F345D260149A200AE5F40 /* EssentialFeed.framework in Embed Frameworks */ = {isa = PBXBuildFile; fileRef = 00A2B48D25D6ABB8008C5D53 /* EssentialFeed.framework */; platformFilter = ios; settings = {ATTRIBUTES = (CodeSignOnCopy, RemoveHeadersOnCopy, ); }; };
		005F346626014A4B00AE5F40 /* XCTestCase+MemoryLeakTracking.swift in Sources */ = {isa = PBXBuildFile; fileRef = 00AD091925DE988300A47B12 /* XCTestCase+MemoryLeakTracking.swift */; };
		005F346D260150AC00AE5F40 /* FeedViewController.swift in Sources */ = {isa = PBXBuildFile; fileRef = 005F346C260150AC00AE5F40 /* FeedViewController.swift */; };
		005F347C2601621400AE5F40 /* FeedImageCell.swift in Sources */ = {isa = PBXBuildFile; fileRef = 005F347B2601621400AE5F40 /* FeedImageCell.swift */; };
		005F348326016C1D00AE5F40 /* UIView+Shimmering.swift in Sources */ = {isa = PBXBuildFile; fileRef = 005F348226016C1D00AE5F40 /* UIView+Shimmering.swift */; };
		0077BEBA2605632000F30E92 /* UIImage+TestHelpers.swift in Sources */ = {isa = PBXBuildFile; fileRef = 0077BEB92605632000F30E92 /* UIImage+TestHelpers.swift */; };
		0092AE6D25EE684E007E87D5 /* ValidateFeedCacheUseCaseTests.swift in Sources */ = {isa = PBXBuildFile; fileRef = 0092AE6C25EE684E007E87D5 /* ValidateFeedCacheUseCaseTests.swift */; };
		0092AE7225EE6B78007E87D5 /* FeedCacheTestHelpers.swift in Sources */ = {isa = PBXBuildFile; fileRef = 0092AE7125EE6B78007E87D5 /* FeedCacheTestHelpers.swift */; };
		0092AE7725EE6BAC007E87D5 /* SharedTestHelpers.swift in Sources */ = {isa = PBXBuildFile; fileRef = 0092AE7625EE6BAC007E87D5 /* SharedTestHelpers.swift */; };
		0092AE7C25EE7D1C007E87D5 /* FeedCachePolicy.swift in Sources */ = {isa = PBXBuildFile; fileRef = 0092AE7B25EE7D1C007E87D5 /* FeedCachePolicy.swift */; };
		00A2B49725D6ABB8008C5D53 /* EssentialFeed.framework in Frameworks */ = {isa = PBXBuildFile; fileRef = 00A2B48D25D6ABB8008C5D53 /* EssentialFeed.framework */; };
		00A2B4AA25D6ABD4008C5D53 /* FeedImage.swift in Sources */ = {isa = PBXBuildFile; fileRef = 00A2B4A925D6ABD4008C5D53 /* FeedImage.swift */; };
		00A59B3A25F658C300DC7746 /* FeedStoreSpecs.swift in Sources */ = {isa = PBXBuildFile; fileRef = 00A59B3925F658C300DC7746 /* FeedStoreSpecs.swift */; };
		00A59B3F25F6598B00DC7746 /* XCTestCase+FeedStoreSpecs.swift in Sources */ = {isa = PBXBuildFile; fileRef = 00A59B3E25F6598B00DC7746 /* XCTestCase+FeedStoreSpecs.swift */; };
		00A59B4425F65B9000DC7746 /* XCTestCase+FailableRetrieveFeedStoreSpecs.swift in Sources */ = {isa = PBXBuildFile; fileRef = 00A59B4325F65B9000DC7746 /* XCTestCase+FailableRetrieveFeedStoreSpecs.swift */; };
		00A59B4925F65C9500DC7746 /* XCTestCase+FailableInsertFeedStoreSpecs.swift in Sources */ = {isa = PBXBuildFile; fileRef = 00A59B4825F65C9500DC7746 /* XCTestCase+FailableInsertFeedStoreSpecs.swift */; };
		00A59B4E25F65D6A00DC7746 /* XCTestCase+FailableDeleteFeedStoreSpecs.swift in Sources */ = {isa = PBXBuildFile; fileRef = 00A59B4D25F65D6A00DC7746 /* XCTestCase+FailableDeleteFeedStoreSpecs.swift */; };
		00A9599E2600DA9700545C93 /* EssentialFeediOS.framework in Frameworks */ = {isa = PBXBuildFile; fileRef = 00A959952600DA9600545C93 /* EssentialFeediOS.framework */; };
		00AD091525DD9A1800A47B12 /* URLSessionHTTPClientTests.swift in Sources */ = {isa = PBXBuildFile; fileRef = 00AD091425DD9A1800A47B12 /* URLSessionHTTPClientTests.swift */; };
		00AD091A25DE988300A47B12 /* XCTestCase+MemoryLeakTracking.swift in Sources */ = {isa = PBXBuildFile; fileRef = 00AD091925DE988300A47B12 /* XCTestCase+MemoryLeakTracking.swift */; };
		00AD092225DEA67400A47B12 /* URLSessionHTTPClient.swift in Sources */ = {isa = PBXBuildFile; fileRef = 00AD092125DEA67300A47B12 /* URLSessionHTTPClient.swift */; };
		00AD092C25DEAD0900A47B12 /* EssentialFeedAPIEndToEndTests.swift in Sources */ = {isa = PBXBuildFile; fileRef = 00AD092B25DEAD0900A47B12 /* EssentialFeedAPIEndToEndTests.swift */; };
		00AD092E25DEAD0900A47B12 /* EssentialFeed.framework in Frameworks */ = {isa = PBXBuildFile; fileRef = 00A2B48D25D6ABB8008C5D53 /* EssentialFeed.framework */; };
		00AD093725DEAFCA00A47B12 /* XCTestCase+MemoryLeakTracking.swift in Sources */ = {isa = PBXBuildFile; fileRef = 00AD091925DE988300A47B12 /* XCTestCase+MemoryLeakTracking.swift */; };
		00C8BDC125E67B910007F5AD /* LoadFeedFromCacheUseCaseTests.swift in Sources */ = {isa = PBXBuildFile; fileRef = 00C8BDC025E67B910007F5AD /* LoadFeedFromCacheUseCaseTests.swift */; };
		00C8BDCA25E67C090007F5AD /* FeedStoreSpy.swift in Sources */ = {isa = PBXBuildFile; fileRef = 00C8BDC925E67C090007F5AD /* FeedStoreSpy.swift */; };
		00CD34A325D6FC5800C19F32 /* RemoteFeedLoader.swift in Sources */ = {isa = PBXBuildFile; fileRef = 00CD34A225D6FC5800C19F32 /* RemoteFeedLoader.swift */; };
		00CD34AB25DD532100C19F32 /* HTTPClient.swift in Sources */ = {isa = PBXBuildFile; fileRef = 00CD34AA25DD532100C19F32 /* HTTPClient.swift */; };
		00CD34AF25DD53A400C19F32 /* FeedItemsMapper.swift in Sources */ = {isa = PBXBuildFile; fileRef = 00CD34AE25DD53A400C19F32 /* FeedItemsMapper.swift */; };
		00F2253125E5BA7C008CFE53 /* CacheFeedUseCaseTests.swift in Sources */ = {isa = PBXBuildFile; fileRef = 00F2253025E5BA7C008CFE53 /* CacheFeedUseCaseTests.swift */; };
		00F2253A25E5D035008CFE53 /* LocalFeedLoader.swift in Sources */ = {isa = PBXBuildFile; fileRef = 00F2253925E5D035008CFE53 /* LocalFeedLoader.swift */; };
		00F2254225E5DD1D008CFE53 /* FeedStore.swift in Sources */ = {isa = PBXBuildFile; fileRef = 00F2254125E5DD1D008CFE53 /* FeedStore.swift */; };
		00F2254725E5E5FC008CFE53 /* RemoteFeedItem.swift in Sources */ = {isa = PBXBuildFile; fileRef = 00F2254625E5E5FC008CFE53 /* RemoteFeedItem.swift */; };
		00F2254C25E5E633008CFE53 /* LocalFeedImage.swift in Sources */ = {isa = PBXBuildFile; fileRef = 00F2254B25E5E633008CFE53 /* LocalFeedImage.swift */; };
/* End PBXBuildFile section */

/* Begin PBXContainerItemProxy section */
		00500EB325F8EFAF0037C090 /* PBXContainerItemProxy */ = {
			isa = PBXContainerItemProxy;
			containerPortal = 00A2B48425D6ABB8008C5D53 /* Project object */;
			proxyType = 1;
			remoteGlobalIDString = 00A2B48C25D6ABB8008C5D53;
			remoteInfo = EssentialFeed;
		};
		005F345E260149A200AE5F40 /* PBXContainerItemProxy */ = {
			isa = PBXContainerItemProxy;
			containerPortal = 00A2B48425D6ABB8008C5D53 /* Project object */;
			proxyType = 1;
			remoteGlobalIDString = 00A2B48C25D6ABB8008C5D53;
			remoteInfo = EssentialFeed;
		};
		00A2B49825D6ABB8008C5D53 /* PBXContainerItemProxy */ = {
			isa = PBXContainerItemProxy;
			containerPortal = 00A2B48425D6ABB8008C5D53 /* Project object */;
			proxyType = 1;
			remoteGlobalIDString = 00A2B48C25D6ABB8008C5D53;
			remoteInfo = EssentialFeed;
		};
		00A9599F2600DA9700545C93 /* PBXContainerItemProxy */ = {
			isa = PBXContainerItemProxy;
			containerPortal = 00A2B48425D6ABB8008C5D53 /* Project object */;
			proxyType = 1;
			remoteGlobalIDString = 00A959942600DA9600545C93;
			remoteInfo = EssentialFeediOS;
		};
		00AD092F25DEAD0900A47B12 /* PBXContainerItemProxy */ = {
			isa = PBXContainerItemProxy;
			containerPortal = 00A2B48425D6ABB8008C5D53 /* Project object */;
			proxyType = 1;
			remoteGlobalIDString = 00A2B48C25D6ABB8008C5D53;
			remoteInfo = EssentialFeed;
		};
/* End PBXContainerItemProxy section */

/* Begin PBXCopyFilesBuildPhase section */
		005F3460260149A200AE5F40 /* Embed Frameworks */ = {
			isa = PBXCopyFilesBuildPhase;
			buildActionMask = 2147483647;
			dstPath = "";
			dstSubfolderSpec = 10;
			files = (
				005F345D260149A200AE5F40 /* EssentialFeed.framework in Embed Frameworks */,
			);
			name = "Embed Frameworks";
			runOnlyForDeploymentPostprocessing = 0;
		};
/* End PBXCopyFilesBuildPhase section */

/* Begin PBXFileReference section */
		001D885425D6ADC500A8C8C8 /* FeedLoader.swift */ = {isa = PBXFileReference; lastKnownFileType = sourcecode.swift; path = FeedLoader.swift; sourceTree = "<group>"; };
		001D885B25D6B08100A8C8C8 /* LoadFeedFromRemoteUseCaseTests.swift */ = {isa = PBXFileReference; lastKnownFileType = sourcecode.swift; path = LoadFeedFromRemoteUseCaseTests.swift; sourceTree = "<group>"; };
		002716E025F7E4B000E303F2 /* CoreDataFeedStoreTests.swift */ = {isa = PBXFileReference; lastKnownFileType = sourcecode.swift; path = CoreDataFeedStoreTests.swift; sourceTree = "<group>"; };
		002716E525F7E53600E303F2 /* CoreDataFeedStore.swift */ = {isa = PBXFileReference; lastKnownFileType = sourcecode.swift; path = CoreDataFeedStore.swift; sourceTree = "<group>"; };
		002716EB25F7E62D00E303F2 /* FeedStore.xcdatamodel */ = {isa = PBXFileReference; lastKnownFileType = wrapper.xcdatamodel; path = FeedStore.xcdatamodel; sourceTree = "<group>"; };
		00500E8B25F8E79C0037C090 /* CoreDataHelpers.swift */ = {isa = PBXFileReference; lastKnownFileType = sourcecode.swift; path = CoreDataHelpers.swift; sourceTree = "<group>"; };
		00500E9625F8E8390037C090 /* ManagedCache.swift */ = {isa = PBXFileReference; lastKnownFileType = sourcecode.swift; path = ManagedCache.swift; sourceTree = "<group>"; };
		00500E9B25F8E87C0037C090 /* ManagedFeedImage.swift */ = {isa = PBXFileReference; lastKnownFileType = sourcecode.swift; path = ManagedFeedImage.swift; sourceTree = "<group>"; };
		00500EAD25F8EFAF0037C090 /* EssentialFeedCacheIntegrationTests.xctest */ = {isa = PBXFileReference; explicitFileType = wrapper.cfbundle; includeInIndex = 0; path = EssentialFeedCacheIntegrationTests.xctest; sourceTree = BUILT_PRODUCTS_DIR; };
		00500EAF25F8EFAF0037C090 /* EssentialFeedCacheIntegrationTests.swift */ = {isa = PBXFileReference; lastKnownFileType = sourcecode.swift; path = EssentialFeedCacheIntegrationTests.swift; sourceTree = "<group>"; };
		00500EB125F8EFAF0037C090 /* Info.plist */ = {isa = PBXFileReference; lastKnownFileType = text.plist.xml; path = Info.plist; sourceTree = "<group>"; };
		005F34532601487500AE5F40 /* FeedViewControllerTests.swift */ = {isa = PBXFileReference; lastKnownFileType = sourcecode.swift; path = FeedViewControllerTests.swift; sourceTree = "<group>"; };
		005F346C260150AC00AE5F40 /* FeedViewController.swift */ = {isa = PBXFileReference; lastKnownFileType = sourcecode.swift; path = FeedViewController.swift; sourceTree = "<group>"; };
		005F347B2601621400AE5F40 /* FeedImageCell.swift */ = {isa = PBXFileReference; lastKnownFileType = sourcecode.swift; path = FeedImageCell.swift; sourceTree = "<group>"; };
		005F348226016C1D00AE5F40 /* UIView+Shimmering.swift */ = {isa = PBXFileReference; lastKnownFileType = sourcecode.swift; path = "UIView+Shimmering.swift"; sourceTree = "<group>"; };
		0077BEB92605632000F30E92 /* UIImage+TestHelpers.swift */ = {isa = PBXFileReference; lastKnownFileType = sourcecode.swift; path = "UIImage+TestHelpers.swift"; sourceTree = "<group>"; };
		0092AE6C25EE684E007E87D5 /* ValidateFeedCacheUseCaseTests.swift */ = {isa = PBXFileReference; lastKnownFileType = sourcecode.swift; path = ValidateFeedCacheUseCaseTests.swift; sourceTree = "<group>"; };
		0092AE7125EE6B78007E87D5 /* FeedCacheTestHelpers.swift */ = {isa = PBXFileReference; lastKnownFileType = sourcecode.swift; path = FeedCacheTestHelpers.swift; sourceTree = "<group>"; };
		0092AE7625EE6BAC007E87D5 /* SharedTestHelpers.swift */ = {isa = PBXFileReference; lastKnownFileType = sourcecode.swift; path = SharedTestHelpers.swift; sourceTree = "<group>"; };
		0092AE7B25EE7D1C007E87D5 /* FeedCachePolicy.swift */ = {isa = PBXFileReference; lastKnownFileType = sourcecode.swift; path = FeedCachePolicy.swift; sourceTree = "<group>"; };
		00A2B48D25D6ABB8008C5D53 /* EssentialFeed.framework */ = {isa = PBXFileReference; explicitFileType = wrapper.framework; includeInIndex = 0; path = EssentialFeed.framework; sourceTree = BUILT_PRODUCTS_DIR; };
		00A2B49125D6ABB8008C5D53 /* Info.plist */ = {isa = PBXFileReference; lastKnownFileType = text.plist.xml; path = Info.plist; sourceTree = "<group>"; };
		00A2B49625D6ABB8008C5D53 /* EssentialFeedTests.xctest */ = {isa = PBXFileReference; explicitFileType = wrapper.cfbundle; includeInIndex = 0; path = EssentialFeedTests.xctest; sourceTree = BUILT_PRODUCTS_DIR; };
		00A2B49D25D6ABB8008C5D53 /* Info.plist */ = {isa = PBXFileReference; lastKnownFileType = text.plist.xml; path = Info.plist; sourceTree = "<group>"; };
		00A2B4A925D6ABD4008C5D53 /* FeedImage.swift */ = {isa = PBXFileReference; lastKnownFileType = sourcecode.swift; path = FeedImage.swift; sourceTree = "<group>"; };
		00A59B3925F658C300DC7746 /* FeedStoreSpecs.swift */ = {isa = PBXFileReference; lastKnownFileType = sourcecode.swift; path = FeedStoreSpecs.swift; sourceTree = "<group>"; };
		00A59B3E25F6598B00DC7746 /* XCTestCase+FeedStoreSpecs.swift */ = {isa = PBXFileReference; lastKnownFileType = sourcecode.swift; path = "XCTestCase+FeedStoreSpecs.swift"; sourceTree = "<group>"; };
		00A59B4325F65B9000DC7746 /* XCTestCase+FailableRetrieveFeedStoreSpecs.swift */ = {isa = PBXFileReference; lastKnownFileType = sourcecode.swift; path = "XCTestCase+FailableRetrieveFeedStoreSpecs.swift"; sourceTree = "<group>"; };
		00A59B4825F65C9500DC7746 /* XCTestCase+FailableInsertFeedStoreSpecs.swift */ = {isa = PBXFileReference; lastKnownFileType = sourcecode.swift; path = "XCTestCase+FailableInsertFeedStoreSpecs.swift"; sourceTree = "<group>"; };
		00A59B4D25F65D6A00DC7746 /* XCTestCase+FailableDeleteFeedStoreSpecs.swift */ = {isa = PBXFileReference; lastKnownFileType = sourcecode.swift; path = "XCTestCase+FailableDeleteFeedStoreSpecs.swift"; sourceTree = "<group>"; };
		00A959952600DA9600545C93 /* EssentialFeediOS.framework */ = {isa = PBXFileReference; explicitFileType = wrapper.framework; includeInIndex = 0; path = EssentialFeediOS.framework; sourceTree = BUILT_PRODUCTS_DIR; };
		00A959982600DA9600545C93 /* Info.plist */ = {isa = PBXFileReference; lastKnownFileType = text.plist.xml; path = Info.plist; sourceTree = "<group>"; };
		00A9599D2600DA9700545C93 /* EssentialFeediOSTests.xctest */ = {isa = PBXFileReference; explicitFileType = wrapper.cfbundle; includeInIndex = 0; path = EssentialFeediOSTests.xctest; sourceTree = BUILT_PRODUCTS_DIR; };
		00A959A42600DA9700545C93 /* Info.plist */ = {isa = PBXFileReference; lastKnownFileType = text.plist.xml; path = Info.plist; sourceTree = "<group>"; };
		00AD091425DD9A1800A47B12 /* URLSessionHTTPClientTests.swift */ = {isa = PBXFileReference; lastKnownFileType = sourcecode.swift; path = URLSessionHTTPClientTests.swift; sourceTree = "<group>"; };
		00AD091925DE988300A47B12 /* XCTestCase+MemoryLeakTracking.swift */ = {isa = PBXFileReference; lastKnownFileType = sourcecode.swift; path = "XCTestCase+MemoryLeakTracking.swift"; sourceTree = "<group>"; };
		00AD092125DEA67300A47B12 /* URLSessionHTTPClient.swift */ = {isa = PBXFileReference; lastKnownFileType = sourcecode.swift; path = URLSessionHTTPClient.swift; sourceTree = "<group>"; };
		00AD092925DEAD0900A47B12 /* EssentialFeedAPIEndToEndTests.xctest */ = {isa = PBXFileReference; explicitFileType = wrapper.cfbundle; includeInIndex = 0; path = EssentialFeedAPIEndToEndTests.xctest; sourceTree = BUILT_PRODUCTS_DIR; };
		00AD092B25DEAD0900A47B12 /* EssentialFeedAPIEndToEndTests.swift */ = {isa = PBXFileReference; lastKnownFileType = sourcecode.swift; path = EssentialFeedAPIEndToEndTests.swift; sourceTree = "<group>"; };
		00AD092D25DEAD0900A47B12 /* Info.plist */ = {isa = PBXFileReference; lastKnownFileType = text.plist.xml; path = Info.plist; sourceTree = "<group>"; };
		00C8BDC025E67B910007F5AD /* LoadFeedFromCacheUseCaseTests.swift */ = {isa = PBXFileReference; lastKnownFileType = sourcecode.swift; path = LoadFeedFromCacheUseCaseTests.swift; sourceTree = "<group>"; };
		00C8BDC925E67C090007F5AD /* FeedStoreSpy.swift */ = {isa = PBXFileReference; lastKnownFileType = sourcecode.swift; path = FeedStoreSpy.swift; sourceTree = "<group>"; };
		00CD34A225D6FC5800C19F32 /* RemoteFeedLoader.swift */ = {isa = PBXFileReference; lastKnownFileType = sourcecode.swift; path = RemoteFeedLoader.swift; sourceTree = "<group>"; };
		00CD34AA25DD532100C19F32 /* HTTPClient.swift */ = {isa = PBXFileReference; lastKnownFileType = sourcecode.swift; path = HTTPClient.swift; sourceTree = "<group>"; };
		00CD34AE25DD53A400C19F32 /* FeedItemsMapper.swift */ = {isa = PBXFileReference; lastKnownFileType = sourcecode.swift; path = FeedItemsMapper.swift; sourceTree = "<group>"; };
		00F2253025E5BA7C008CFE53 /* CacheFeedUseCaseTests.swift */ = {isa = PBXFileReference; lastKnownFileType = sourcecode.swift; path = CacheFeedUseCaseTests.swift; sourceTree = "<group>"; };
		00F2253925E5D035008CFE53 /* LocalFeedLoader.swift */ = {isa = PBXFileReference; lastKnownFileType = sourcecode.swift; path = LocalFeedLoader.swift; sourceTree = "<group>"; };
		00F2254125E5DD1D008CFE53 /* FeedStore.swift */ = {isa = PBXFileReference; lastKnownFileType = sourcecode.swift; path = FeedStore.swift; sourceTree = "<group>"; };
		00F2254625E5E5FC008CFE53 /* RemoteFeedItem.swift */ = {isa = PBXFileReference; lastKnownFileType = sourcecode.swift; path = RemoteFeedItem.swift; sourceTree = "<group>"; };
		00F2254B25E5E633008CFE53 /* LocalFeedImage.swift */ = {isa = PBXFileReference; lastKnownFileType = sourcecode.swift; path = LocalFeedImage.swift; sourceTree = "<group>"; };
/* End PBXFileReference section */

/* Begin PBXFrameworksBuildPhase section */
		00500EAA25F8EFAF0037C090 /* Frameworks */ = {
			isa = PBXFrameworksBuildPhase;
			buildActionMask = 2147483647;
			files = (
				00500EB225F8EFAF0037C090 /* EssentialFeed.framework in Frameworks */,
			);
			runOnlyForDeploymentPostprocessing = 0;
		};
		00A2B48A25D6ABB8008C5D53 /* Frameworks */ = {
			isa = PBXFrameworksBuildPhase;
			buildActionMask = 2147483647;
			files = (
			);
			runOnlyForDeploymentPostprocessing = 0;
		};
		00A2B49325D6ABB8008C5D53 /* Frameworks */ = {
			isa = PBXFrameworksBuildPhase;
			buildActionMask = 2147483647;
			files = (
				00A2B49725D6ABB8008C5D53 /* EssentialFeed.framework in Frameworks */,
			);
			runOnlyForDeploymentPostprocessing = 0;
		};
		00A959922600DA9600545C93 /* Frameworks */ = {
			isa = PBXFrameworksBuildPhase;
			buildActionMask = 2147483647;
			files = (
				005F345C260149A200AE5F40 /* EssentialFeed.framework in Frameworks */,
			);
			runOnlyForDeploymentPostprocessing = 0;
		};
		00A9599A2600DA9700545C93 /* Frameworks */ = {
			isa = PBXFrameworksBuildPhase;
			buildActionMask = 2147483647;
			files = (
				00A9599E2600DA9700545C93 /* EssentialFeediOS.framework in Frameworks */,
			);
			runOnlyForDeploymentPostprocessing = 0;
		};
		00AD092625DEAD0900A47B12 /* Frameworks */ = {
			isa = PBXFrameworksBuildPhase;
			buildActionMask = 2147483647;
			files = (
				00AD092E25DEAD0900A47B12 /* EssentialFeed.framework in Frameworks */,
			);
			runOnlyForDeploymentPostprocessing = 0;
		};
/* End PBXFrameworksBuildPhase section */

/* Begin PBXGroup section */
		001D885825D6AF5800A8C8C8 /* Feed Feature */ = {
			isa = PBXGroup;
			children = (
				00A2B4A925D6ABD4008C5D53 /* FeedImage.swift */,
				001D885425D6ADC500A8C8C8 /* FeedLoader.swift */,
			);
			path = "Feed Feature";
			sourceTree = "<group>";
		};
		00500E7F25F8E6E10037C090 /* CoreData */ = {
			isa = PBXGroup;
			children = (
				002716E525F7E53600E303F2 /* CoreDataFeedStore.swift */,
				00500E8B25F8E79C0037C090 /* CoreDataHelpers.swift */,
				00500E9625F8E8390037C090 /* ManagedCache.swift */,
				00500E9B25F8E87C0037C090 /* ManagedFeedImage.swift */,
				002716EA25F7E62D00E303F2 /* FeedStore.xcdatamodeld */,
			);
			path = CoreData;
			sourceTree = "<group>";
		};
		00500E8325F8E6ED0037C090 /* Infrastructure */ = {
			isa = PBXGroup;
			children = (
				00500E7F25F8E6E10037C090 /* CoreData */,
			);
			path = Infrastructure;
			sourceTree = "<group>";
		};
		00500EAE25F8EFAF0037C090 /* EssentialFeedCacheIntegrationTests */ = {
			isa = PBXGroup;
			children = (
				00500EAF25F8EFAF0037C090 /* EssentialFeedCacheIntegrationTests.swift */,
				00500EB125F8EFAF0037C090 /* Info.plist */,
			);
			path = EssentialFeedCacheIntegrationTests;
			sourceTree = "<group>";
		};
		005F345B260149A200AE5F40 /* Frameworks */ = {
			isa = PBXGroup;
			children = (
			);
			name = Frameworks;
			sourceTree = "<group>";
		};
		0077BEB8260562FE00F30E92 /* Helpers */ = {
			isa = PBXGroup;
			children = (
				0077BEB92605632000F30E92 /* UIImage+TestHelpers.swift */,
			);
			path = Helpers;
			sourceTree = "<group>";
		};
		00A2B48325D6ABB8008C5D53 = {
			isa = PBXGroup;
			children = (
				00A2B48F25D6ABB8008C5D53 /* EssentialFeed */,
				00A2B49A25D6ABB8008C5D53 /* EssentialFeedTests */,
				00AD092A25DEAD0900A47B12 /* EssentialFeedAPIEndToEndTests */,
				00500EAE25F8EFAF0037C090 /* EssentialFeedCacheIntegrationTests */,
				00A959962600DA9600545C93 /* EssentialFeediOS */,
				00A959A12600DA9700545C93 /* EssentialFeediOSTests */,
				00A2B48E25D6ABB8008C5D53 /* Products */,
				005F345B260149A200AE5F40 /* Frameworks */,
			);
			sourceTree = "<group>";
		};
		00A2B48E25D6ABB8008C5D53 /* Products */ = {
			isa = PBXGroup;
			children = (
				00A2B48D25D6ABB8008C5D53 /* EssentialFeed.framework */,
				00A2B49625D6ABB8008C5D53 /* EssentialFeedTests.xctest */,
				00AD092925DEAD0900A47B12 /* EssentialFeedAPIEndToEndTests.xctest */,
				00500EAD25F8EFAF0037C090 /* EssentialFeedCacheIntegrationTests.xctest */,
				00A959952600DA9600545C93 /* EssentialFeediOS.framework */,
				00A9599D2600DA9700545C93 /* EssentialFeediOSTests.xctest */,
			);
			name = Products;
			sourceTree = "<group>";
		};
		00A2B48F25D6ABB8008C5D53 /* EssentialFeed */ = {
			isa = PBXGroup;
			children = (
				00CD349F25D6FC3B00C19F32 /* Feed API */,
				00F2253825E5D01F008CFE53 /* Feed Cache */,
				001D885825D6AF5800A8C8C8 /* Feed Feature */,
				00A2B4AD25D6AC0D008C5D53 /* Supporting Files */,
			);
			path = EssentialFeed;
			sourceTree = "<group>";
		};
		00A2B49A25D6ABB8008C5D53 /* EssentialFeedTests */ = {
			isa = PBXGroup;
			children = (
				00A2B49D25D6ABB8008C5D53 /* Info.plist */,
				00CD34B225DD59AF00C19F32 /* Feed API */,
				00F2252F25E5BA4A008CFE53 /* Feed Cache */,
				00AD091825DE986D00A47B12 /* Helpers */,
			);
			path = EssentialFeedTests;
			sourceTree = "<group>";
		};
		00A2B4AD25D6AC0D008C5D53 /* Supporting Files */ = {
			isa = PBXGroup;
			children = (
				00A2B49125D6ABB8008C5D53 /* Info.plist */,
			);
			path = "Supporting Files";
			sourceTree = "<group>";
		};
		00A59B5225F65DF900DC7746 /* FeedStoreSpecs */ = {
			isa = PBXGroup;
			children = (
				00A59B3925F658C300DC7746 /* FeedStoreSpecs.swift */,
				00A59B3E25F6598B00DC7746 /* XCTestCase+FeedStoreSpecs.swift */,
				00A59B4325F65B9000DC7746 /* XCTestCase+FailableRetrieveFeedStoreSpecs.swift */,
				00A59B4825F65C9500DC7746 /* XCTestCase+FailableInsertFeedStoreSpecs.swift */,
				00A59B4D25F65D6A00DC7746 /* XCTestCase+FailableDeleteFeedStoreSpecs.swift */,
			);
			path = FeedStoreSpecs;
			sourceTree = "<group>";
		};
		00A959962600DA9600545C93 /* EssentialFeediOS */ = {
			isa = PBXGroup;
			children = (
				00A959982600DA9600545C93 /* Info.plist */,
				005F346C260150AC00AE5F40 /* FeedViewController.swift */,
				005F347B2601621400AE5F40 /* FeedImageCell.swift */,
				005F348226016C1D00AE5F40 /* UIView+Shimmering.swift */,
			);
			path = EssentialFeediOS;
			sourceTree = "<group>";
		};
		00A959A12600DA9700545C93 /* EssentialFeediOSTests */ = {
			isa = PBXGroup;
			children = (
				00A959A42600DA9700545C93 /* Info.plist */,
				0077BEB8260562FE00F30E92 /* Helpers */,
				005F34532601487500AE5F40 /* FeedViewControllerTests.swift */,
			);
			path = EssentialFeediOSTests;
			sourceTree = "<group>";
		};
		00AD091825DE986D00A47B12 /* Helpers */ = {
			isa = PBXGroup;
			children = (
				00AD091925DE988300A47B12 /* XCTestCase+MemoryLeakTracking.swift */,
				0092AE7625EE6BAC007E87D5 /* SharedTestHelpers.swift */,
			);
			path = Helpers;
			sourceTree = "<group>";
		};
		00AD092A25DEAD0900A47B12 /* EssentialFeedAPIEndToEndTests */ = {
			isa = PBXGroup;
			children = (
				00AD092D25DEAD0900A47B12 /* Info.plist */,
				00AD092B25DEAD0900A47B12 /* EssentialFeedAPIEndToEndTests.swift */,
			);
			path = EssentialFeedAPIEndToEndTests;
			sourceTree = "<group>";
		};
		00C8BDC825E67BED0007F5AD /* Helpers */ = {
			isa = PBXGroup;
			children = (
				00C8BDC925E67C090007F5AD /* FeedStoreSpy.swift */,
				0092AE7125EE6B78007E87D5 /* FeedCacheTestHelpers.swift */,
			);
			path = Helpers;
			sourceTree = "<group>";
		};
		00CD349F25D6FC3B00C19F32 /* Feed API */ = {
			isa = PBXGroup;
			children = (
				00CD34AE25DD53A400C19F32 /* FeedItemsMapper.swift */,
				00CD34AA25DD532100C19F32 /* HTTPClient.swift */,
				00F2254625E5E5FC008CFE53 /* RemoteFeedItem.swift */,
				00CD34A225D6FC5800C19F32 /* RemoteFeedLoader.swift */,
				00AD092125DEA67300A47B12 /* URLSessionHTTPClient.swift */,
			);
			path = "Feed API";
			sourceTree = "<group>";
		};
		00CD34B225DD59AF00C19F32 /* Feed API */ = {
			isa = PBXGroup;
			children = (
				001D885B25D6B08100A8C8C8 /* LoadFeedFromRemoteUseCaseTests.swift */,
				00AD091425DD9A1800A47B12 /* URLSessionHTTPClientTests.swift */,
			);
			path = "Feed API";
			sourceTree = "<group>";
		};
		00F2252F25E5BA4A008CFE53 /* Feed Cache */ = {
			isa = PBXGroup;
			children = (
				00F2253025E5BA7C008CFE53 /* CacheFeedUseCaseTests.swift */,
				002716E025F7E4B000E303F2 /* CoreDataFeedStoreTests.swift */,
				00C8BDC025E67B910007F5AD /* LoadFeedFromCacheUseCaseTests.swift */,
				0092AE6C25EE684E007E87D5 /* ValidateFeedCacheUseCaseTests.swift */,
				00A59B5225F65DF900DC7746 /* FeedStoreSpecs */,
				00C8BDC825E67BED0007F5AD /* Helpers */,
			);
			path = "Feed Cache";
			sourceTree = "<group>";
		};
		00F2253825E5D01F008CFE53 /* Feed Cache */ = {
			isa = PBXGroup;
			children = (
				00F2254125E5DD1D008CFE53 /* FeedStore.swift */,
				00F2254B25E5E633008CFE53 /* LocalFeedImage.swift */,
				00F2253925E5D035008CFE53 /* LocalFeedLoader.swift */,
				0092AE7B25EE7D1C007E87D5 /* FeedCachePolicy.swift */,
				00500E8325F8E6ED0037C090 /* Infrastructure */,
			);
			path = "Feed Cache";
			sourceTree = "<group>";
		};
/* End PBXGroup section */

/* Begin PBXHeadersBuildPhase section */
		00A2B48825D6ABB8008C5D53 /* Headers */ = {
			isa = PBXHeadersBuildPhase;
			buildActionMask = 2147483647;
			files = (
			);
			runOnlyForDeploymentPostprocessing = 0;
		};
		00A959902600DA9600545C93 /* Headers */ = {
			isa = PBXHeadersBuildPhase;
			buildActionMask = 2147483647;
			files = (
			);
			runOnlyForDeploymentPostprocessing = 0;
		};
/* End PBXHeadersBuildPhase section */

/* Begin PBXNativeTarget section */
		00500EAC25F8EFAF0037C090 /* EssentialFeedCacheIntegrationTests */ = {
			isa = PBXNativeTarget;
			buildConfigurationList = 00500EB725F8EFAF0037C090 /* Build configuration list for PBXNativeTarget "EssentialFeedCacheIntegrationTests" */;
			buildPhases = (
				00500EA925F8EFAF0037C090 /* Sources */,
				00500EAA25F8EFAF0037C090 /* Frameworks */,
				00500EAB25F8EFAF0037C090 /* Resources */,
			);
			buildRules = (
			);
			dependencies = (
				00500EB425F8EFAF0037C090 /* PBXTargetDependency */,
			);
			name = EssentialFeedCacheIntegrationTests;
			productName = EssentialFeedCacheIntegrationTests;
			productReference = 00500EAD25F8EFAF0037C090 /* EssentialFeedCacheIntegrationTests.xctest */;
			productType = "com.apple.product-type.bundle.unit-test";
		};
		00A2B48C25D6ABB8008C5D53 /* EssentialFeed */ = {
			isa = PBXNativeTarget;
			buildConfigurationList = 00A2B4A125D6ABB8008C5D53 /* Build configuration list for PBXNativeTarget "EssentialFeed" */;
			buildPhases = (
				00A2B48825D6ABB8008C5D53 /* Headers */,
				00A2B48925D6ABB8008C5D53 /* Sources */,
				00A2B48A25D6ABB8008C5D53 /* Frameworks */,
				00A2B48B25D6ABB8008C5D53 /* Resources */,
			);
			buildRules = (
			);
			dependencies = (
			);
			name = EssentialFeed;
			productName = EssentialFeed;
			productReference = 00A2B48D25D6ABB8008C5D53 /* EssentialFeed.framework */;
			productType = "com.apple.product-type.framework";
		};
		00A2B49525D6ABB8008C5D53 /* EssentialFeedTests */ = {
			isa = PBXNativeTarget;
			buildConfigurationList = 00A2B4A425D6ABB8008C5D53 /* Build configuration list for PBXNativeTarget "EssentialFeedTests" */;
			buildPhases = (
				00A2B49225D6ABB8008C5D53 /* Sources */,
				00A2B49325D6ABB8008C5D53 /* Frameworks */,
				00A2B49425D6ABB8008C5D53 /* Resources */,
			);
			buildRules = (
			);
			dependencies = (
				00A2B49925D6ABB8008C5D53 /* PBXTargetDependency */,
			);
			name = EssentialFeedTests;
			productName = EssentialFeedTests;
			productReference = 00A2B49625D6ABB8008C5D53 /* EssentialFeedTests.xctest */;
			productType = "com.apple.product-type.bundle.unit-test";
		};
		00A959942600DA9600545C93 /* EssentialFeediOS */ = {
			isa = PBXNativeTarget;
			buildConfigurationList = 00A959A62600DA9700545C93 /* Build configuration list for PBXNativeTarget "EssentialFeediOS" */;
			buildPhases = (
				00A959902600DA9600545C93 /* Headers */,
				00A959912600DA9600545C93 /* Sources */,
				00A959922600DA9600545C93 /* Frameworks */,
				00A959932600DA9600545C93 /* Resources */,
				005F3460260149A200AE5F40 /* Embed Frameworks */,
			);
			buildRules = (
			);
			dependencies = (
				005F345F260149A200AE5F40 /* PBXTargetDependency */,
			);
			name = EssentialFeediOS;
			productName = EssentialFeediOS;
			productReference = 00A959952600DA9600545C93 /* EssentialFeediOS.framework */;
			productType = "com.apple.product-type.framework";
		};
		00A9599C2600DA9700545C93 /* EssentialFeediOSTests */ = {
			isa = PBXNativeTarget;
			buildConfigurationList = 00A959A92600DA9700545C93 /* Build configuration list for PBXNativeTarget "EssentialFeediOSTests" */;
			buildPhases = (
				00A959992600DA9700545C93 /* Sources */,
				00A9599A2600DA9700545C93 /* Frameworks */,
				00A9599B2600DA9700545C93 /* Resources */,
			);
			buildRules = (
			);
			dependencies = (
				00A959A02600DA9700545C93 /* PBXTargetDependency */,
			);
			name = EssentialFeediOSTests;
			productName = EssentialFeediOSTests;
			productReference = 00A9599D2600DA9700545C93 /* EssentialFeediOSTests.xctest */;
			productType = "com.apple.product-type.bundle.unit-test";
		};
		00AD092825DEAD0900A47B12 /* EssentialFeedAPIEndToEndTests */ = {
			isa = PBXNativeTarget;
			buildConfigurationList = 00AD093125DEAD0900A47B12 /* Build configuration list for PBXNativeTarget "EssentialFeedAPIEndToEndTests" */;
			buildPhases = (
				00AD092525DEAD0900A47B12 /* Sources */,
				00AD092625DEAD0900A47B12 /* Frameworks */,
				00AD092725DEAD0900A47B12 /* Resources */,
			);
			buildRules = (
			);
			dependencies = (
				00AD093025DEAD0900A47B12 /* PBXTargetDependency */,
			);
			name = EssentialFeedAPIEndToEndTests;
			productName = EssentialFeedAPIEndToEndTests;
			productReference = 00AD092925DEAD0900A47B12 /* EssentialFeedAPIEndToEndTests.xctest */;
			productType = "com.apple.product-type.bundle.unit-test";
		};
/* End PBXNativeTarget section */

/* Begin PBXProject section */
		00A2B48425D6ABB8008C5D53 /* Project object */ = {
			isa = PBXProject;
			attributes = {
				LastSwiftUpdateCheck = 1240;
				LastUpgradeCheck = 1240;
				TargetAttributes = {
					00500EAC25F8EFAF0037C090 = {
						CreatedOnToolsVersion = 12.4;
					};
					00A2B48C25D6ABB8008C5D53 = {
						CreatedOnToolsVersion = 12.4;
						LastSwiftMigration = 1240;
					};
					00A2B49525D6ABB8008C5D53 = {
						CreatedOnToolsVersion = 12.4;
					};
					00A959942600DA9600545C93 = {
						CreatedOnToolsVersion = 12.4;
						LastSwiftMigration = 1240;
					};
					00A9599C2600DA9700545C93 = {
						CreatedOnToolsVersion = 12.4;
						LastSwiftMigration = 1240;
					};
					00AD092825DEAD0900A47B12 = {
						CreatedOnToolsVersion = 12.4;
					};
				};
			};
			buildConfigurationList = 00A2B48725D6ABB8008C5D53 /* Build configuration list for PBXProject "EssentialFeed" */;
			compatibilityVersion = "Xcode 9.3";
			developmentRegion = en;
			hasScannedForEncodings = 0;
			knownRegions = (
				en,
				Base,
			);
			mainGroup = 00A2B48325D6ABB8008C5D53;
			productRefGroup = 00A2B48E25D6ABB8008C5D53 /* Products */;
			projectDirPath = "";
			projectRoot = "";
			targets = (
				00A2B48C25D6ABB8008C5D53 /* EssentialFeed */,
				00A2B49525D6ABB8008C5D53 /* EssentialFeedTests */,
				00AD092825DEAD0900A47B12 /* EssentialFeedAPIEndToEndTests */,
				00500EAC25F8EFAF0037C090 /* EssentialFeedCacheIntegrationTests */,
				00A959942600DA9600545C93 /* EssentialFeediOS */,
				00A9599C2600DA9700545C93 /* EssentialFeediOSTests */,
			);
		};
/* End PBXProject section */

/* Begin PBXResourcesBuildPhase section */
		00500EAB25F8EFAF0037C090 /* Resources */ = {
			isa = PBXResourcesBuildPhase;
			buildActionMask = 2147483647;
			files = (
			);
			runOnlyForDeploymentPostprocessing = 0;
		};
		00A2B48B25D6ABB8008C5D53 /* Resources */ = {
			isa = PBXResourcesBuildPhase;
			buildActionMask = 2147483647;
			files = (
			);
			runOnlyForDeploymentPostprocessing = 0;
		};
		00A2B49425D6ABB8008C5D53 /* Resources */ = {
			isa = PBXResourcesBuildPhase;
			buildActionMask = 2147483647;
			files = (
			);
			runOnlyForDeploymentPostprocessing = 0;
		};
		00A959932600DA9600545C93 /* Resources */ = {
			isa = PBXResourcesBuildPhase;
			buildActionMask = 2147483647;
			files = (
			);
			runOnlyForDeploymentPostprocessing = 0;
		};
		00A9599B2600DA9700545C93 /* Resources */ = {
			isa = PBXResourcesBuildPhase;
			buildActionMask = 2147483647;
			files = (
			);
			runOnlyForDeploymentPostprocessing = 0;
		};
		00AD092725DEAD0900A47B12 /* Resources */ = {
			isa = PBXResourcesBuildPhase;
			buildActionMask = 2147483647;
			files = (
			);
			runOnlyForDeploymentPostprocessing = 0;
		};
/* End PBXResourcesBuildPhase section */

/* Begin PBXSourcesBuildPhase section */
		00500EA925F8EFAF0037C090 /* Sources */ = {
			isa = PBXSourcesBuildPhase;
			buildActionMask = 2147483647;
			files = (
				00500EC625F8F2070037C090 /* SharedTestHelpers.swift in Sources */,
				00500EB025F8EFAF0037C090 /* EssentialFeedCacheIntegrationTests.swift in Sources */,
				00500EC125F8F2000037C090 /* FeedCacheTestHelpers.swift in Sources */,
				00500EBC25F8F1190037C090 /* XCTestCase+MemoryLeakTracking.swift in Sources */,
			);
			runOnlyForDeploymentPostprocessing = 0;
		};
		00A2B48925D6ABB8008C5D53 /* Sources */ = {
			isa = PBXSourcesBuildPhase;
			buildActionMask = 2147483647;
			files = (
				00500E8C25F8E79C0037C090 /* CoreDataHelpers.swift in Sources */,
				00CD34AF25DD53A400C19F32 /* FeedItemsMapper.swift in Sources */,
				001D885525D6ADC500A8C8C8 /* FeedLoader.swift in Sources */,
				00F2254725E5E5FC008CFE53 /* RemoteFeedItem.swift in Sources */,
				0092AE7C25EE7D1C007E87D5 /* FeedCachePolicy.swift in Sources */,
				00CD34A325D6FC5800C19F32 /* RemoteFeedLoader.swift in Sources */,
				002716EC25F7E62D00E303F2 /* FeedStore.xcdatamodeld in Sources */,
				00F2254C25E5E633008CFE53 /* LocalFeedImage.swift in Sources */,
				00F2254225E5DD1D008CFE53 /* FeedStore.swift in Sources */,
				00F2253A25E5D035008CFE53 /* LocalFeedLoader.swift in Sources */,
				00CD34AB25DD532100C19F32 /* HTTPClient.swift in Sources */,
				00A2B4AA25D6ABD4008C5D53 /* FeedImage.swift in Sources */,
				00AD092225DEA67400A47B12 /* URLSessionHTTPClient.swift in Sources */,
				00500E9725F8E8390037C090 /* ManagedCache.swift in Sources */,
				002716E625F7E53600E303F2 /* CoreDataFeedStore.swift in Sources */,
				00500E9C25F8E87C0037C090 /* ManagedFeedImage.swift in Sources */,
			);
			runOnlyForDeploymentPostprocessing = 0;
		};
		00A2B49225D6ABB8008C5D53 /* Sources */ = {
			isa = PBXSourcesBuildPhase;
			buildActionMask = 2147483647;
			files = (
				0092AE7225EE6B78007E87D5 /* FeedCacheTestHelpers.swift in Sources */,
				0092AE6D25EE684E007E87D5 /* ValidateFeedCacheUseCaseTests.swift in Sources */,
				001D885C25D6B08100A8C8C8 /* LoadFeedFromRemoteUseCaseTests.swift in Sources */,
				00A59B4925F65C9500DC7746 /* XCTestCase+FailableInsertFeedStoreSpecs.swift in Sources */,
				00AD091525DD9A1800A47B12 /* URLSessionHTTPClientTests.swift in Sources */,
				00C8BDCA25E67C090007F5AD /* FeedStoreSpy.swift in Sources */,
				0092AE7725EE6BAC007E87D5 /* SharedTestHelpers.swift in Sources */,
				00F2253125E5BA7C008CFE53 /* CacheFeedUseCaseTests.swift in Sources */,
				00A59B4E25F65D6A00DC7746 /* XCTestCase+FailableDeleteFeedStoreSpecs.swift in Sources */,
				00A59B4425F65B9000DC7746 /* XCTestCase+FailableRetrieveFeedStoreSpecs.swift in Sources */,
				00C8BDC125E67B910007F5AD /* LoadFeedFromCacheUseCaseTests.swift in Sources */,
				00A59B3A25F658C300DC7746 /* FeedStoreSpecs.swift in Sources */,
				00AD091A25DE988300A47B12 /* XCTestCase+MemoryLeakTracking.swift in Sources */,
				002716E125F7E4B000E303F2 /* CoreDataFeedStoreTests.swift in Sources */,
				00A59B3F25F6598B00DC7746 /* XCTestCase+FeedStoreSpecs.swift in Sources */,
			);
			runOnlyForDeploymentPostprocessing = 0;
		};
		00A959912600DA9600545C93 /* Sources */ = {
			isa = PBXSourcesBuildPhase;
			buildActionMask = 2147483647;
			files = (
				005F348326016C1D00AE5F40 /* UIView+Shimmering.swift in Sources */,
				005F346D260150AC00AE5F40 /* FeedViewController.swift in Sources */,
				005F347C2601621400AE5F40 /* FeedImageCell.swift in Sources */,
			);
			runOnlyForDeploymentPostprocessing = 0;
		};
		00A959992600DA9700545C93 /* Sources */ = {
			isa = PBXSourcesBuildPhase;
			buildActionMask = 2147483647;
			files = (
				005F34542601487500AE5F40 /* FeedViewControllerTests.swift in Sources */,
				005F346626014A4B00AE5F40 /* XCTestCase+MemoryLeakTracking.swift in Sources */,
				0077BEBA2605632000F30E92 /* UIImage+TestHelpers.swift in Sources */,
			);
			runOnlyForDeploymentPostprocessing = 0;
		};
		00AD092525DEAD0900A47B12 /* Sources */ = {
			isa = PBXSourcesBuildPhase;
			buildActionMask = 2147483647;
			files = (
				00AD092C25DEAD0900A47B12 /* EssentialFeedAPIEndToEndTests.swift in Sources */,
				00AD093725DEAFCA00A47B12 /* XCTestCase+MemoryLeakTracking.swift in Sources */,
			);
			runOnlyForDeploymentPostprocessing = 0;
		};
/* End PBXSourcesBuildPhase section */

/* Begin PBXTargetDependency section */
		00500EB425F8EFAF0037C090 /* PBXTargetDependency */ = {
			isa = PBXTargetDependency;
			target = 00A2B48C25D6ABB8008C5D53 /* EssentialFeed */;
			targetProxy = 00500EB325F8EFAF0037C090 /* PBXContainerItemProxy */;
		};
		005F345F260149A200AE5F40 /* PBXTargetDependency */ = {
			isa = PBXTargetDependency;
			platformFilter = ios;
			target = 00A2B48C25D6ABB8008C5D53 /* EssentialFeed */;
			targetProxy = 005F345E260149A200AE5F40 /* PBXContainerItemProxy */;
		};
		00A2B49925D6ABB8008C5D53 /* PBXTargetDependency */ = {
			isa = PBXTargetDependency;
			target = 00A2B48C25D6ABB8008C5D53 /* EssentialFeed */;
			targetProxy = 00A2B49825D6ABB8008C5D53 /* PBXContainerItemProxy */;
		};
		00A959A02600DA9700545C93 /* PBXTargetDependency */ = {
			isa = PBXTargetDependency;
			target = 00A959942600DA9600545C93 /* EssentialFeediOS */;
			targetProxy = 00A9599F2600DA9700545C93 /* PBXContainerItemProxy */;
		};
		00AD093025DEAD0900A47B12 /* PBXTargetDependency */ = {
			isa = PBXTargetDependency;
			target = 00A2B48C25D6ABB8008C5D53 /* EssentialFeed */;
			targetProxy = 00AD092F25DEAD0900A47B12 /* PBXContainerItemProxy */;
		};
/* End PBXTargetDependency section */

/* Begin XCBuildConfiguration section */
		00500EB525F8EFAF0037C090 /* Debug */ = {
			isa = XCBuildConfiguration;
			buildSettings = {
				CODE_SIGN_STYLE = Automatic;
				COMBINE_HIDPI_IMAGES = YES;
				DEVELOPMENT_TEAM = C589G3PG8Y;
				INFOPLIST_FILE = EssentialFeedCacheIntegrationTests/Info.plist;
				LD_RUNPATH_SEARCH_PATHS = (
					"$(inherited)",
					"@executable_path/../Frameworks",
					"@loader_path/../Frameworks",
				);
				PRODUCT_BUNDLE_IDENTIFIER = com.ortu.caio.EssentialFeedCacheIntegrationTests;
				PRODUCT_NAME = "$(TARGET_NAME)";
				SUPPORTED_PLATFORMS = "macosx iphoneos iphonesimulator";
				SWIFT_VERSION = 5.0;
			};
			name = Debug;
		};
		00500EB625F8EFAF0037C090 /* Release */ = {
			isa = XCBuildConfiguration;
			buildSettings = {
				CODE_SIGN_STYLE = Automatic;
				COMBINE_HIDPI_IMAGES = YES;
				DEVELOPMENT_TEAM = C589G3PG8Y;
				INFOPLIST_FILE = EssentialFeedCacheIntegrationTests/Info.plist;
				LD_RUNPATH_SEARCH_PATHS = (
					"$(inherited)",
					"@executable_path/../Frameworks",
					"@loader_path/../Frameworks",
				);
				PRODUCT_BUNDLE_IDENTIFIER = com.ortu.caio.EssentialFeedCacheIntegrationTests;
				PRODUCT_NAME = "$(TARGET_NAME)";
				SUPPORTED_PLATFORMS = "macosx iphoneos iphonesimulator";
				SWIFT_VERSION = 5.0;
			};
			name = Release;
		};
		00A2B49F25D6ABB8008C5D53 /* Debug */ = {
			isa = XCBuildConfiguration;
			buildSettings = {
				ALWAYS_SEARCH_USER_PATHS = NO;
				CLANG_ANALYZER_NONNULL = YES;
				CLANG_ANALYZER_NUMBER_OBJECT_CONVERSION = YES_AGGRESSIVE;
				CLANG_CXX_LANGUAGE_STANDARD = "gnu++14";
				CLANG_CXX_LIBRARY = "libc++";
				CLANG_ENABLE_MODULES = YES;
				CLANG_ENABLE_OBJC_ARC = YES;
				CLANG_ENABLE_OBJC_WEAK = YES;
				CLANG_WARN_BLOCK_CAPTURE_AUTORELEASING = YES;
				CLANG_WARN_BOOL_CONVERSION = YES;
				CLANG_WARN_COMMA = YES;
				CLANG_WARN_CONSTANT_CONVERSION = YES;
				CLANG_WARN_DEPRECATED_OBJC_IMPLEMENTATIONS = YES;
				CLANG_WARN_DIRECT_OBJC_ISA_USAGE = YES_ERROR;
				CLANG_WARN_DOCUMENTATION_COMMENTS = YES;
				CLANG_WARN_EMPTY_BODY = YES;
				CLANG_WARN_ENUM_CONVERSION = YES;
				CLANG_WARN_INFINITE_RECURSION = YES;
				CLANG_WARN_INT_CONVERSION = YES;
				CLANG_WARN_NON_LITERAL_NULL_CONVERSION = YES;
				CLANG_WARN_OBJC_IMPLICIT_RETAIN_SELF = YES;
				CLANG_WARN_OBJC_LITERAL_CONVERSION = YES;
				CLANG_WARN_OBJC_ROOT_CLASS = YES_ERROR;
				CLANG_WARN_QUOTED_INCLUDE_IN_FRAMEWORK_HEADER = YES;
				CLANG_WARN_RANGE_LOOP_ANALYSIS = YES;
				CLANG_WARN_STRICT_PROTOTYPES = YES;
				CLANG_WARN_SUSPICIOUS_MOVE = YES;
				CLANG_WARN_UNGUARDED_AVAILABILITY = YES_AGGRESSIVE;
				CLANG_WARN_UNREACHABLE_CODE = YES;
				CLANG_WARN__DUPLICATE_METHOD_MATCH = YES;
				COPY_PHASE_STRIP = NO;
				CURRENT_PROJECT_VERSION = 1;
				DEBUG_INFORMATION_FORMAT = dwarf;
				ENABLE_STRICT_OBJC_MSGSEND = YES;
				ENABLE_TESTABILITY = YES;
				GCC_C_LANGUAGE_STANDARD = gnu11;
				GCC_DYNAMIC_NO_PIC = NO;
				GCC_NO_COMMON_BLOCKS = YES;
				GCC_OPTIMIZATION_LEVEL = 0;
				GCC_PREPROCESSOR_DEFINITIONS = (
					"DEBUG=1",
					"$(inherited)",
				);
				GCC_WARN_64_TO_32_BIT_CONVERSION = YES;
				GCC_WARN_ABOUT_RETURN_TYPE = YES_ERROR;
				GCC_WARN_UNDECLARED_SELECTOR = YES;
				GCC_WARN_UNINITIALIZED_AUTOS = YES_AGGRESSIVE;
				GCC_WARN_UNUSED_FUNCTION = YES;
				GCC_WARN_UNUSED_VARIABLE = YES;
				MACOSX_DEPLOYMENT_TARGET = 11.1;
				MTL_ENABLE_DEBUG_INFO = INCLUDE_SOURCE;
				MTL_FAST_MATH = YES;
				ONLY_ACTIVE_ARCH = YES;
				SDKROOT = macosx;
				SWIFT_ACTIVE_COMPILATION_CONDITIONS = DEBUG;
				SWIFT_OPTIMIZATION_LEVEL = "-Onone";
				VERSIONING_SYSTEM = "apple-generic";
				VERSION_INFO_PREFIX = "";
			};
			name = Debug;
		};
		00A2B4A025D6ABB8008C5D53 /* Release */ = {
			isa = XCBuildConfiguration;
			buildSettings = {
				ALWAYS_SEARCH_USER_PATHS = NO;
				CLANG_ANALYZER_NONNULL = YES;
				CLANG_ANALYZER_NUMBER_OBJECT_CONVERSION = YES_AGGRESSIVE;
				CLANG_CXX_LANGUAGE_STANDARD = "gnu++14";
				CLANG_CXX_LIBRARY = "libc++";
				CLANG_ENABLE_MODULES = YES;
				CLANG_ENABLE_OBJC_ARC = YES;
				CLANG_ENABLE_OBJC_WEAK = YES;
				CLANG_WARN_BLOCK_CAPTURE_AUTORELEASING = YES;
				CLANG_WARN_BOOL_CONVERSION = YES;
				CLANG_WARN_COMMA = YES;
				CLANG_WARN_CONSTANT_CONVERSION = YES;
				CLANG_WARN_DEPRECATED_OBJC_IMPLEMENTATIONS = YES;
				CLANG_WARN_DIRECT_OBJC_ISA_USAGE = YES_ERROR;
				CLANG_WARN_DOCUMENTATION_COMMENTS = YES;
				CLANG_WARN_EMPTY_BODY = YES;
				CLANG_WARN_ENUM_CONVERSION = YES;
				CLANG_WARN_INFINITE_RECURSION = YES;
				CLANG_WARN_INT_CONVERSION = YES;
				CLANG_WARN_NON_LITERAL_NULL_CONVERSION = YES;
				CLANG_WARN_OBJC_IMPLICIT_RETAIN_SELF = YES;
				CLANG_WARN_OBJC_LITERAL_CONVERSION = YES;
				CLANG_WARN_OBJC_ROOT_CLASS = YES_ERROR;
				CLANG_WARN_QUOTED_INCLUDE_IN_FRAMEWORK_HEADER = YES;
				CLANG_WARN_RANGE_LOOP_ANALYSIS = YES;
				CLANG_WARN_STRICT_PROTOTYPES = YES;
				CLANG_WARN_SUSPICIOUS_MOVE = YES;
				CLANG_WARN_UNGUARDED_AVAILABILITY = YES_AGGRESSIVE;
				CLANG_WARN_UNREACHABLE_CODE = YES;
				CLANG_WARN__DUPLICATE_METHOD_MATCH = YES;
				COPY_PHASE_STRIP = NO;
				CURRENT_PROJECT_VERSION = 1;
				DEBUG_INFORMATION_FORMAT = "dwarf-with-dsym";
				ENABLE_NS_ASSERTIONS = NO;
				ENABLE_STRICT_OBJC_MSGSEND = YES;
				GCC_C_LANGUAGE_STANDARD = gnu11;
				GCC_NO_COMMON_BLOCKS = YES;
				GCC_WARN_64_TO_32_BIT_CONVERSION = YES;
				GCC_WARN_ABOUT_RETURN_TYPE = YES_ERROR;
				GCC_WARN_UNDECLARED_SELECTOR = YES;
				GCC_WARN_UNINITIALIZED_AUTOS = YES_AGGRESSIVE;
				GCC_WARN_UNUSED_FUNCTION = YES;
				GCC_WARN_UNUSED_VARIABLE = YES;
				MACOSX_DEPLOYMENT_TARGET = 11.1;
				MTL_ENABLE_DEBUG_INFO = NO;
				MTL_FAST_MATH = YES;
				SDKROOT = macosx;
				SWIFT_COMPILATION_MODE = wholemodule;
				SWIFT_OPTIMIZATION_LEVEL = "-O";
				VERSIONING_SYSTEM = "apple-generic";
				VERSION_INFO_PREFIX = "";
			};
			name = Release;
		};
		00A2B4A225D6ABB8008C5D53 /* Debug */ = {
			isa = XCBuildConfiguration;
			buildSettings = {
				CLANG_ENABLE_MODULES = YES;
				CODE_SIGN_STYLE = Automatic;
				COMBINE_HIDPI_IMAGES = YES;
				DEFINES_MODULE = YES;
				DEVELOPMENT_TEAM = C589G3PG8Y;
				DYLIB_COMPATIBILITY_VERSION = 1;
				DYLIB_CURRENT_VERSION = 1;
				DYLIB_INSTALL_NAME_BASE = "@rpath";
				INFOPLIST_FILE = "$(SRCROOT)/EssentialFeed/Supporting Files/Info.plist";
				INSTALL_PATH = "$(LOCAL_LIBRARY_DIR)/Frameworks";
				LD_RUNPATH_SEARCH_PATHS = (
					"$(inherited)",
					"@executable_path/../Frameworks",
					"@loader_path/Frameworks",
				);
				MACOSX_DEPLOYMENT_TARGET = 10.15;
				PRODUCT_BUNDLE_IDENTIFIER = com.ortu.caio.EssentialFeed;
				PRODUCT_NAME = "$(TARGET_NAME:c99extidentifier)";
				SKIP_INSTALL = YES;
				SUPPORTED_PLATFORMS = "macosx iphoneos iphonesimulator";
				SWIFT_OPTIMIZATION_LEVEL = "-Onone";
				SWIFT_VERSION = 5.0;
			};
			name = Debug;
		};
		00A2B4A325D6ABB8008C5D53 /* Release */ = {
			isa = XCBuildConfiguration;
			buildSettings = {
				CLANG_ENABLE_MODULES = YES;
				CODE_SIGN_STYLE = Automatic;
				COMBINE_HIDPI_IMAGES = YES;
				DEFINES_MODULE = YES;
				DEVELOPMENT_TEAM = C589G3PG8Y;
				DYLIB_COMPATIBILITY_VERSION = 1;
				DYLIB_CURRENT_VERSION = 1;
				DYLIB_INSTALL_NAME_BASE = "@rpath";
				INFOPLIST_FILE = "$(SRCROOT)/EssentialFeed/Supporting Files/Info.plist";
				INSTALL_PATH = "$(LOCAL_LIBRARY_DIR)/Frameworks";
				LD_RUNPATH_SEARCH_PATHS = (
					"$(inherited)",
					"@executable_path/../Frameworks",
					"@loader_path/Frameworks",
				);
				MACOSX_DEPLOYMENT_TARGET = 10.15;
				PRODUCT_BUNDLE_IDENTIFIER = com.ortu.caio.EssentialFeed;
				PRODUCT_NAME = "$(TARGET_NAME:c99extidentifier)";
				SKIP_INSTALL = YES;
				SUPPORTED_PLATFORMS = "macosx iphoneos iphonesimulator";
				SWIFT_VERSION = 5.0;
			};
			name = Release;
		};
		00A2B4A525D6ABB8008C5D53 /* Debug */ = {
			isa = XCBuildConfiguration;
			buildSettings = {
				ALWAYS_EMBED_SWIFT_STANDARD_LIBRARIES = YES;
				CODE_SIGN_STYLE = Automatic;
				COMBINE_HIDPI_IMAGES = YES;
				DEVELOPMENT_TEAM = C589G3PG8Y;
				INFOPLIST_FILE = EssentialFeedTests/Info.plist;
				LD_RUNPATH_SEARCH_PATHS = (
					"$(inherited)",
					"@executable_path/../Frameworks",
					"@loader_path/../Frameworks",
				);
				MACOSX_DEPLOYMENT_TARGET = 10.15;
				PRODUCT_BUNDLE_IDENTIFIER = com.ortu.caio.EssentialFeedTests;
				PRODUCT_NAME = "$(TARGET_NAME)";
				SUPPORTED_PLATFORMS = "macosx iphoneos iphonesimulator";
				SWIFT_VERSION = 5.0;
			};
			name = Debug;
		};
		00A2B4A625D6ABB8008C5D53 /* Release */ = {
			isa = XCBuildConfiguration;
			buildSettings = {
				ALWAYS_EMBED_SWIFT_STANDARD_LIBRARIES = YES;
				CODE_SIGN_STYLE = Automatic;
				COMBINE_HIDPI_IMAGES = YES;
				DEVELOPMENT_TEAM = C589G3PG8Y;
				INFOPLIST_FILE = EssentialFeedTests/Info.plist;
				LD_RUNPATH_SEARCH_PATHS = (
					"$(inherited)",
					"@executable_path/../Frameworks",
					"@loader_path/../Frameworks",
				);
				MACOSX_DEPLOYMENT_TARGET = 10.15;
				PRODUCT_BUNDLE_IDENTIFIER = com.ortu.caio.EssentialFeedTests;
				PRODUCT_NAME = "$(TARGET_NAME)";
				SUPPORTED_PLATFORMS = "macosx iphoneos iphonesimulator";
				SWIFT_VERSION = 5.0;
			};
			name = Release;
		};
		00A959A72600DA9700545C93 /* Debug */ = {
			isa = XCBuildConfiguration;
			buildSettings = {
				CLANG_ENABLE_MODULES = YES;
				CODE_SIGN_STYLE = Automatic;
				DEFINES_MODULE = YES;
				DEVELOPMENT_TEAM = C589G3PG8Y;
				DYLIB_COMPATIBILITY_VERSION = 1;
				DYLIB_CURRENT_VERSION = 1;
				DYLIB_INSTALL_NAME_BASE = "@rpath";
				INFOPLIST_FILE = EssentialFeediOS/Info.plist;
				INSTALL_PATH = "$(LOCAL_LIBRARY_DIR)/Frameworks";
				IPHONEOS_DEPLOYMENT_TARGET = 14.4;
				LD_RUNPATH_SEARCH_PATHS = (
					"$(inherited)",
					"@executable_path/Frameworks",
					"@loader_path/Frameworks",
				);
				PRODUCT_BUNDLE_IDENTIFIER = com.ortu.caio.EssentialFeediOS;
				PRODUCT_NAME = "$(TARGET_NAME:c99extidentifier)";
				SDKROOT = iphoneos;
				SKIP_INSTALL = YES;
				SWIFT_OPTIMIZATION_LEVEL = "-Onone";
				SWIFT_VERSION = 5.0;
				TARGETED_DEVICE_FAMILY = "1,2";
			};
			name = Debug;
		};
		00A959A82600DA9700545C93 /* Release */ = {
			isa = XCBuildConfiguration;
			buildSettings = {
				CLANG_ENABLE_MODULES = YES;
				CODE_SIGN_STYLE = Automatic;
				DEFINES_MODULE = YES;
				DEVELOPMENT_TEAM = C589G3PG8Y;
				DYLIB_COMPATIBILITY_VERSION = 1;
				DYLIB_CURRENT_VERSION = 1;
				DYLIB_INSTALL_NAME_BASE = "@rpath";
				INFOPLIST_FILE = EssentialFeediOS/Info.plist;
				INSTALL_PATH = "$(LOCAL_LIBRARY_DIR)/Frameworks";
				IPHONEOS_DEPLOYMENT_TARGET = 14.4;
				LD_RUNPATH_SEARCH_PATHS = (
					"$(inherited)",
					"@executable_path/Frameworks",
					"@loader_path/Frameworks",
				);
				PRODUCT_BUNDLE_IDENTIFIER = com.ortu.caio.EssentialFeediOS;
				PRODUCT_NAME = "$(TARGET_NAME:c99extidentifier)";
				SDKROOT = iphoneos;
				SKIP_INSTALL = YES;
				SWIFT_VERSION = 5.0;
				TARGETED_DEVICE_FAMILY = "1,2";
				VALIDATE_PRODUCT = YES;
			};
			name = Release;
		};
		00A959AA2600DA9700545C93 /* Debug */ = {
			isa = XCBuildConfiguration;
			buildSettings = {
				ALWAYS_EMBED_SWIFT_STANDARD_LIBRARIES = YES;
				CLANG_ENABLE_MODULES = YES;
				CODE_SIGN_STYLE = Automatic;
				DEVELOPMENT_TEAM = C589G3PG8Y;
				INFOPLIST_FILE = EssentialFeediOSTests/Info.plist;
				IPHONEOS_DEPLOYMENT_TARGET = 14.4;
				LD_RUNPATH_SEARCH_PATHS = (
					"$(inherited)",
					"@executable_path/Frameworks",
					"@loader_path/Frameworks",
				);
				PRODUCT_BUNDLE_IDENTIFIER = com.ortu.caio.EssentialFeediOSTests;
				PRODUCT_NAME = "$(TARGET_NAME)";
				SDKROOT = iphoneos;
				SWIFT_OPTIMIZATION_LEVEL = "-Onone";
				SWIFT_VERSION = 5.0;
				TARGETED_DEVICE_FAMILY = "1,2";
			};
			name = Debug;
		};
		00A959AB2600DA9700545C93 /* Release */ = {
			isa = XCBuildConfiguration;
			buildSettings = {
				ALWAYS_EMBED_SWIFT_STANDARD_LIBRARIES = YES;
				CLANG_ENABLE_MODULES = YES;
				CODE_SIGN_STYLE = Automatic;
				DEVELOPMENT_TEAM = C589G3PG8Y;
				INFOPLIST_FILE = EssentialFeediOSTests/Info.plist;
				IPHONEOS_DEPLOYMENT_TARGET = 14.4;
				LD_RUNPATH_SEARCH_PATHS = (
					"$(inherited)",
					"@executable_path/Frameworks",
					"@loader_path/Frameworks",
				);
				PRODUCT_BUNDLE_IDENTIFIER = com.ortu.caio.EssentialFeediOSTests;
				PRODUCT_NAME = "$(TARGET_NAME)";
				SDKROOT = iphoneos;
				SWIFT_VERSION = 5.0;
				TARGETED_DEVICE_FAMILY = "1,2";
				VALIDATE_PRODUCT = YES;
			};
			name = Release;
		};
		00AD093225DEAD0900A47B12 /* Debug */ = {
			isa = XCBuildConfiguration;
			buildSettings = {
				CODE_SIGN_STYLE = Automatic;
				COMBINE_HIDPI_IMAGES = YES;
				DEVELOPMENT_TEAM = C589G3PG8Y;
				INFOPLIST_FILE = EssentialFeedAPIEndToEndTests/Info.plist;
				LD_RUNPATH_SEARCH_PATHS = (
					"$(inherited)",
					"@executable_path/../Frameworks",
					"@loader_path/../Frameworks",
				);
				MACOSX_DEPLOYMENT_TARGET = 10.15;
				PRODUCT_BUNDLE_IDENTIFIER = com.ortu.caio.EssentialFeedAPIEndToEndTests;
				PRODUCT_NAME = "$(TARGET_NAME)";
				SUPPORTED_PLATFORMS = "macosx iphoneos iphonesimulator";
				SWIFT_VERSION = 5.0;
			};
			name = Debug;
		};
		00AD093325DEAD0900A47B12 /* Release */ = {
			isa = XCBuildConfiguration;
			buildSettings = {
				CODE_SIGN_STYLE = Automatic;
				COMBINE_HIDPI_IMAGES = YES;
				DEVELOPMENT_TEAM = C589G3PG8Y;
				INFOPLIST_FILE = EssentialFeedAPIEndToEndTests/Info.plist;
				LD_RUNPATH_SEARCH_PATHS = (
					"$(inherited)",
					"@executable_path/../Frameworks",
					"@loader_path/../Frameworks",
				);
				MACOSX_DEPLOYMENT_TARGET = 10.15;
				PRODUCT_BUNDLE_IDENTIFIER = com.ortu.caio.EssentialFeedAPIEndToEndTests;
				PRODUCT_NAME = "$(TARGET_NAME)";
				SUPPORTED_PLATFORMS = "macosx iphoneos iphonesimulator";
				SWIFT_VERSION = 5.0;
			};
			name = Release;
		};
/* End XCBuildConfiguration section */

/* Begin XCConfigurationList section */
		00500EB725F8EFAF0037C090 /* Build configuration list for PBXNativeTarget "EssentialFeedCacheIntegrationTests" */ = {
			isa = XCConfigurationList;
			buildConfigurations = (
				00500EB525F8EFAF0037C090 /* Debug */,
				00500EB625F8EFAF0037C090 /* Release */,
			);
			defaultConfigurationIsVisible = 0;
			defaultConfigurationName = Release;
		};
		00A2B48725D6ABB8008C5D53 /* Build configuration list for PBXProject "EssentialFeed" */ = {
			isa = XCConfigurationList;
			buildConfigurations = (
				00A2B49F25D6ABB8008C5D53 /* Debug */,
				00A2B4A025D6ABB8008C5D53 /* Release */,
			);
			defaultConfigurationIsVisible = 0;
			defaultConfigurationName = Release;
		};
		00A2B4A125D6ABB8008C5D53 /* Build configuration list for PBXNativeTarget "EssentialFeed" */ = {
			isa = XCConfigurationList;
			buildConfigurations = (
				00A2B4A225D6ABB8008C5D53 /* Debug */,
				00A2B4A325D6ABB8008C5D53 /* Release */,
			);
			defaultConfigurationIsVisible = 0;
			defaultConfigurationName = Release;
		};
		00A2B4A425D6ABB8008C5D53 /* Build configuration list for PBXNativeTarget "EssentialFeedTests" */ = {
			isa = XCConfigurationList;
			buildConfigurations = (
				00A2B4A525D6ABB8008C5D53 /* Debug */,
				00A2B4A625D6ABB8008C5D53 /* Release */,
			);
			defaultConfigurationIsVisible = 0;
			defaultConfigurationName = Release;
		};
		00A959A62600DA9700545C93 /* Build configuration list for PBXNativeTarget "EssentialFeediOS" */ = {
			isa = XCConfigurationList;
			buildConfigurations = (
				00A959A72600DA9700545C93 /* Debug */,
				00A959A82600DA9700545C93 /* Release */,
			);
			defaultConfigurationIsVisible = 0;
			defaultConfigurationName = Release;
		};
		00A959A92600DA9700545C93 /* Build configuration list for PBXNativeTarget "EssentialFeediOSTests" */ = {
			isa = XCConfigurationList;
			buildConfigurations = (
				00A959AA2600DA9700545C93 /* Debug */,
				00A959AB2600DA9700545C93 /* Release */,
			);
			defaultConfigurationIsVisible = 0;
			defaultConfigurationName = Release;
		};
		00AD093125DEAD0900A47B12 /* Build configuration list for PBXNativeTarget "EssentialFeedAPIEndToEndTests" */ = {
			isa = XCConfigurationList;
			buildConfigurations = (
				00AD093225DEAD0900A47B12 /* Debug */,
				00AD093325DEAD0900A47B12 /* Release */,
			);
			defaultConfigurationIsVisible = 0;
			defaultConfigurationName = Release;
		};
/* End XCConfigurationList section */

/* Begin XCVersionGroup section */
		002716EA25F7E62D00E303F2 /* FeedStore.xcdatamodeld */ = {
			isa = XCVersionGroup;
			children = (
				002716EB25F7E62D00E303F2 /* FeedStore.xcdatamodel */,
			);
			currentVersion = 002716EB25F7E62D00E303F2 /* FeedStore.xcdatamodel */;
			path = FeedStore.xcdatamodeld;
			sourceTree = "<group>";
			versionGroupType = wrapper.xcdatamodel;
		};
/* End XCVersionGroup section */
	};
	rootObject = 00A2B48425D6ABB8008C5D53 /* Project object */;
}
